// !$*UTF8*$!
{
	archiveVersion = 1;
	classes = {
	};
	objectVersion = 56;
	objects = {

/* Begin PBXBuildFile section */
		100000000000000000000001 /* TallyApp.swift in Sources */ = {isa = PBXBuildFile; fileRef = 100000000000000000000101 /* TallyApp.swift */; };
		100000000000000000000004 /* QuickAddParser.swift in Sources */ = {isa = PBXBuildFile; fileRef = 100000000000000000000104 /* QuickAddParser.swift */; };
		100000000000000000000005 /* ReminderItem.swift in Sources */ = {isa = PBXBuildFile; fileRef = 100000000000000000000105 /* ReminderItem.swift */; };
		100000000000000000000006 /* ReminderStore.swift in Sources */ = {isa = PBXBuildFile; fileRef = 100000000000000000000106 /* ReminderStore.swift */; };
		100000000000000000000007 /* Assets.xcassets in Resources */ = {isa = PBXBuildFile; fileRef = 100000000000000000000109 /* Assets.xcassets */; };
		100000000000000000000008 /* QuickAddParserTests.swift in Sources */ = {isa = PBXBuildFile; fileRef = 10000000000000000000010B /* QuickAddParserTests.swift */; };
		100000000000000000000009 /* AppController.swift in Sources */ = {isa = PBXBuildFile; fileRef = 10000000000000000000010D /* AppController.swift */; };
		10000000000000000000000A /* HotKeyController.swift in Sources */ = {isa = PBXBuildFile; fileRef = 10000000000000000000010E /* HotKeyController.swift */; };
		10000000000000000000000B /* QuickAddWindowController.swift in Sources */ = {isa = PBXBuildFile; fileRef = 10000000000000000000010F /* QuickAddWindowController.swift */; };
		10000000000000000000000C /* QuickAddWindowView.swift in Sources */ = {isa = PBXBuildFile; fileRef = 100000000000000000000110 /* QuickAddWindowView.swift */; };
		10000000000000000000000D /* ReminderFormatting.swift in Sources */ = {isa = PBXBuildFile; fileRef = 100000000000000000000111 /* ReminderFormatting.swift */; };
		10000000000000000000000E /* HighlightedQuickAddTextField.swift in Sources */ = {isa = PBXBuildFile; fileRef = 100000000000000000000112 /* HighlightedQuickAddTextField.swift */; };
		10000000000000000000000F /* AppSettings.swift in Sources */ = {isa = PBXBuildFile; fileRef = 100000000000000000000113 /* AppSettings.swift */; };
		100000000000000000000010 /* AppSettingsStore.swift in Sources */ = {isa = PBXBuildFile; fileRef = 100000000000000000000114 /* AppSettingsStore.swift */; };
		100000000000000000000011 /* LaunchAtLoginController.swift in Sources */ = {isa = PBXBuildFile; fileRef = 100000000000000000000115 /* LaunchAtLoginController.swift */; };
		100000000000000000000012 /* SettingsView.swift in Sources */ = {isa = PBXBuildFile; fileRef = 100000000000000000000116 /* SettingsView.swift */; };
		100000000000000000000013 /* ShortcutRecorderView.swift in Sources */ = {isa = PBXBuildFile; fileRef = 100000000000000000000117 /* ShortcutRecorderView.swift */; };
		100000000000000000000014 /* MenuBarController.swift in Sources */ = {isa = PBXBuildFile; fileRef = 100000000000000000000118 /* MenuBarController.swift */; };
		100000000000000000000017 /* AppSettingsStoreTests.swift in Sources */ = {isa = PBXBuildFile; fileRef = 10000000000000000000011B /* AppSettingsStoreTests.swift */; };
		100000000000000000000018 /* QuickAddDueDateTokenEditor.swift in Sources */ = {isa = PBXBuildFile; fileRef = 10000000000000000000011C /* QuickAddDueDateTokenEditor.swift */; };
		100000000000000000000019 /* DueDatePickerPopover.swift in Sources */ = {isa = PBXBuildFile; fileRef = 10000000000000000000011D /* DueDatePickerPopover.swift */; };
		10000000000000000000001A /* TallyChromeStyle.swift in Sources */ = {isa = PBXBuildFile; fileRef = 10000000000000000000011E /* TallyChromeStyle.swift */; };
		10000000000000000000001B /* ReminderFormattingTests.swift in Sources */ = {isa = PBXBuildFile; fileRef = 10000000000000000000011F /* ReminderFormattingTests.swift */; };
		10000000000000000000001C /* ReminderAccessController.swift in Sources */ = {isa = PBXBuildFile; fileRef = 100000000000000000000120 /* ReminderAccessController.swift */; };
		10000000000000000000001D /* ReminderAccessControllerTests.swift in Sources */ = {isa = PBXBuildFile; fileRef = 100000000000000000000121 /* ReminderAccessControllerTests.swift */; };
		10000000000000000000001E /* QuickAddWindowSnapping.swift in Sources */ = {isa = PBXBuildFile; fileRef = 100000000000000000000122 /* QuickAddWindowSnapping.swift */; };
		10000000000000000000001F /* QuickAddWindowSnappingTests.swift in Sources */ = {isa = PBXBuildFile; fileRef = 100000000000000000000123 /* QuickAddWindowSnappingTests.swift */; };
		A10000000000000000000001 /* ReminderCreationRequest.swift in Sources */ = {isa = PBXBuildFile; fileRef = A10000000000000000000101 /* ReminderCreationRequest.swift */; };
		A10000000000000000000002 /* QuickAddDraft.swift in Sources */ = {isa = PBXBuildFile; fileRef = A10000000000000000000102 /* QuickAddDraft.swift */; };
		A10000000000000000000003 /* QuickAddMetadataViews.swift in Sources */ = {isa = PBXBuildFile; fileRef = A10000000000000000000103 /* QuickAddMetadataViews.swift */; };
		A10000000000000000000004 /* SettingsViewModel.swift in Sources */ = {isa = PBXBuildFile; fileRef = A10000000000000000000104 /* SettingsViewModel.swift */; };
		A10000000000000000000005 /* SettingsWindowController.swift in Sources */ = {isa = PBXBuildFile; fileRef = A10000000000000000000105 /* SettingsWindowController.swift */; };
		A10000000000000000000006 /* ReminderCreationRequestTests.swift in Sources */ = {isa = PBXBuildFile; fileRef = A10000000000000000000106 /* ReminderCreationRequestTests.swift */; };
		A10000000000000000000007 /* QuickAddDraftTests.swift in Sources */ = {isa = PBXBuildFile; fileRef = A10000000000000000000107 /* QuickAddDraftTests.swift */; };
		A10000000000000000000008 /* SettingsPanelPlacementTests.swift in Sources */ = {isa = PBXBuildFile; fileRef = A10000000000000000000108 /* SettingsPanelPlacementTests.swift */; };
/* End PBXBuildFile section */

/* Begin PBXContainerItemProxy section */
		100000000000000000000020 /* PBXContainerItemProxy */ = {
			isa = PBXContainerItemProxy;
			containerPortal = 100000000000000000000200 /* Project object */;
			proxyType = 1;
			remoteGlobalIDString = 100000000000000000000300;
			remoteInfo = Tally;
		};
/* End PBXContainerItemProxy section */

/* Begin PBXFileReference section */
		100000000000000000000101 /* TallyApp.swift */ = {isa = PBXFileReference; lastKnownFileType = sourcecode.swift; path = TallyApp.swift; sourceTree = "<group>"; };
		100000000000000000000104 /* QuickAddParser.swift */ = {isa = PBXFileReference; lastKnownFileType = sourcecode.swift; path = QuickAddParser.swift; sourceTree = "<group>"; };
		100000000000000000000105 /* ReminderItem.swift */ = {isa = PBXFileReference; lastKnownFileType = sourcecode.swift; path = ReminderItem.swift; sourceTree = "<group>"; };
		100000000000000000000106 /* ReminderStore.swift */ = {isa = PBXFileReference; lastKnownFileType = sourcecode.swift; path = ReminderStore.swift; sourceTree = "<group>"; };
		100000000000000000000107 /* Info.plist */ = {isa = PBXFileReference; lastKnownFileType = text.plist.xml; path = Info.plist; sourceTree = "<group>"; };
		100000000000000000000108 /* Tally.entitlements */ = {isa = PBXFileReference; lastKnownFileType = text.plist.entitlements; path = Tally.entitlements; sourceTree = "<group>"; };
		100000000000000000000109 /* Assets.xcassets */ = {isa = PBXFileReference; lastKnownFileType = folder.assetcatalog; path = Assets.xcassets; sourceTree = "<group>"; };
		10000000000000000000010A /* Tally.app */ = {isa = PBXFileReference; explicitFileType = wrapper.application; includeInIndex = 0; path = Tally.app; sourceTree = BUILT_PRODUCTS_DIR; };
		10000000000000000000010B /* QuickAddParserTests.swift */ = {isa = PBXFileReference; lastKnownFileType = sourcecode.swift; path = QuickAddParserTests.swift; sourceTree = "<group>"; };
		10000000000000000000010C /* TallyTests.xctest */ = {isa = PBXFileReference; explicitFileType = wrapper.cfbundle; includeInIndex = 0; path = TallyTests.xctest; sourceTree = BUILT_PRODUCTS_DIR; };
		10000000000000000000010D /* AppController.swift */ = {isa = PBXFileReference; lastKnownFileType = sourcecode.swift; path = AppController.swift; sourceTree = "<group>"; };
		10000000000000000000010E /* HotKeyController.swift */ = {isa = PBXFileReference; lastKnownFileType = sourcecode.swift; path = HotKeyController.swift; sourceTree = "<group>"; };
		10000000000000000000010F /* QuickAddWindowController.swift */ = {isa = PBXFileReference; lastKnownFileType = sourcecode.swift; path = QuickAddWindowController.swift; sourceTree = "<group>"; };
		100000000000000000000110 /* QuickAddWindowView.swift */ = {isa = PBXFileReference; lastKnownFileType = sourcecode.swift; path = QuickAddWindowView.swift; sourceTree = "<group>"; };
		100000000000000000000111 /* ReminderFormatting.swift */ = {isa = PBXFileReference; lastKnownFileType = sourcecode.swift; path = ReminderFormatting.swift; sourceTree = "<group>"; };
		100000000000000000000112 /* HighlightedQuickAddTextField.swift */ = {isa = PBXFileReference; lastKnownFileType = sourcecode.swift; path = HighlightedQuickAddTextField.swift; sourceTree = "<group>"; };
		100000000000000000000113 /* AppSettings.swift */ = {isa = PBXFileReference; lastKnownFileType = sourcecode.swift; path = AppSettings.swift; sourceTree = "<group>"; };
		100000000000000000000114 /* AppSettingsStore.swift */ = {isa = PBXFileReference; lastKnownFileType = sourcecode.swift; path = AppSettingsStore.swift; sourceTree = "<group>"; };
		100000000000000000000115 /* LaunchAtLoginController.swift */ = {isa = PBXFileReference; lastKnownFileType = sourcecode.swift; path = LaunchAtLoginController.swift; sourceTree = "<group>"; };
		100000000000000000000116 /* SettingsView.swift */ = {isa = PBXFileReference; lastKnownFileType = sourcecode.swift; path = SettingsView.swift; sourceTree = "<group>"; };
		100000000000000000000117 /* ShortcutRecorderView.swift */ = {isa = PBXFileReference; lastKnownFileType = sourcecode.swift; path = ShortcutRecorderView.swift; sourceTree = "<group>"; };
		100000000000000000000118 /* MenuBarController.swift */ = {isa = PBXFileReference; lastKnownFileType = sourcecode.swift; path = MenuBarController.swift; sourceTree = "<group>"; };
		10000000000000000000011B /* AppSettingsStoreTests.swift */ = {isa = PBXFileReference; lastKnownFileType = sourcecode.swift; path = AppSettingsStoreTests.swift; sourceTree = "<group>"; };
		10000000000000000000011C /* QuickAddDueDateTokenEditor.swift */ = {isa = PBXFileReference; lastKnownFileType = sourcecode.swift; path = QuickAddDueDateTokenEditor.swift; sourceTree = "<group>"; };
		10000000000000000000011D /* DueDatePickerPopover.swift */ = {isa = PBXFileReference; lastKnownFileType = sourcecode.swift; path = DueDatePickerPopover.swift; sourceTree = "<group>"; };
		10000000000000000000011E /* TallyChromeStyle.swift */ = {isa = PBXFileReference; lastKnownFileType = sourcecode.swift; path = TallyChromeStyle.swift; sourceTree = "<group>"; };
		10000000000000000000011F /* ReminderFormattingTests.swift */ = {isa = PBXFileReference; lastKnownFileType = sourcecode.swift; path = ReminderFormattingTests.swift; sourceTree = "<group>"; };
		100000000000000000000120 /* ReminderAccessController.swift */ = {isa = PBXFileReference; lastKnownFileType = sourcecode.swift; path = ReminderAccessController.swift; sourceTree = "<group>"; };
		100000000000000000000121 /* ReminderAccessControllerTests.swift */ = {isa = PBXFileReference; lastKnownFileType = sourcecode.swift; path = ReminderAccessControllerTests.swift; sourceTree = "<group>"; };
		100000000000000000000122 /* QuickAddWindowSnapping.swift */ = {isa = PBXFileReference; lastKnownFileType = sourcecode.swift; path = QuickAddWindowSnapping.swift; sourceTree = "<group>"; };
		100000000000000000000123 /* QuickAddWindowSnappingTests.swift */ = {isa = PBXFileReference; lastKnownFileType = sourcecode.swift; path = QuickAddWindowSnappingTests.swift; sourceTree = "<group>"; };
		A10000000000000000000101 /* ReminderCreationRequest.swift */ = {isa = PBXFileReference; lastKnownFileType = sourcecode.swift; path = ReminderCreationRequest.swift; sourceTree = "<group>"; };
		A10000000000000000000102 /* QuickAddDraft.swift */ = {isa = PBXFileReference; lastKnownFileType = sourcecode.swift; path = QuickAddDraft.swift; sourceTree = "<group>"; };
		A10000000000000000000103 /* QuickAddMetadataViews.swift */ = {isa = PBXFileReference; lastKnownFileType = sourcecode.swift; path = QuickAddMetadataViews.swift; sourceTree = "<group>"; };
		A10000000000000000000104 /* SettingsViewModel.swift */ = {isa = PBXFileReference; lastKnownFileType = sourcecode.swift; path = SettingsViewModel.swift; sourceTree = "<group>"; };
		A10000000000000000000105 /* SettingsWindowController.swift */ = {isa = PBXFileReference; lastKnownFileType = sourcecode.swift; path = SettingsWindowController.swift; sourceTree = "<group>"; };
		A10000000000000000000106 /* ReminderCreationRequestTests.swift */ = {isa = PBXFileReference; lastKnownFileType = sourcecode.swift; path = ReminderCreationRequestTests.swift; sourceTree = "<group>"; };
		A10000000000000000000107 /* QuickAddDraftTests.swift */ = {isa = PBXFileReference; lastKnownFileType = sourcecode.swift; path = QuickAddDraftTests.swift; sourceTree = "<group>"; };
		A10000000000000000000108 /* SettingsPanelPlacementTests.swift */ = {isa = PBXFileReference; lastKnownFileType = sourcecode.swift; path = SettingsPanelPlacementTests.swift; sourceTree = "<group>"; };
/* End PBXFileReference section */

/* Begin PBXFrameworksBuildPhase section */
		100000000000000000000401 /* Frameworks */ = {
			isa = PBXFrameworksBuildPhase;
			buildActionMask = 2147483647;
			files = (
			);
			runOnlyForDeploymentPostprocessing = 0;
		};
		100000000000000000000411 /* Frameworks */ = {
			isa = PBXFrameworksBuildPhase;
			buildActionMask = 2147483647;
			files = (
			);
			runOnlyForDeploymentPostprocessing = 0;
		};
/* End PBXFrameworksBuildPhase section */

/* Begin PBXGroup section */
		100000000000000000000201 = {
			isa = PBXGroup;
			children = (
				100000000000000000000202 /* Tally */,
				10000000000000000000020A /* TallyTests */,
				10000000000000000000020B /* Products */,
			);
			sourceTree = "<group>";
		};
		100000000000000000000202 /* Tally */ = {
			isa = PBXGroup;
			children = (
				100000000000000000000203 /* App */,
				100000000000000000000204 /* Features */,
				100000000000000000000207 /* Models */,
				100000000000000000000208 /* Services */,
				100000000000000000000209 /* Resources */,
				10000000000000000000020C /* Supporting */,
			);
			path = Tally;
			sourceTree = "<group>";
		};
		100000000000000000000203 /* App */ = {
			isa = PBXGroup;
			children = (
				100000000000000000000101 /* TallyApp.swift */,
				10000000000000000000010D /* AppController.swift */,
			);
			path = App;
			sourceTree = "<group>";
		};
		100000000000000000000204 /* Features */ = {
			isa = PBXGroup;
			children = (
				100000000000000000000205 /* MenuBar */,
				100000000000000000000206 /* QuickAdd */,
				10000000000000000000011E /* TallyChromeStyle.swift */,
				10000000000000000000020D /* Settings */,
			);
			path = Features;
			sourceTree = "<group>";
		};
		100000000000000000000205 /* MenuBar */ = {
			isa = PBXGroup;
			children = (
				100000000000000000000118 /* MenuBarController.swift */,
			);
			path = MenuBar;
			sourceTree = "<group>";
		};
		100000000000000000000206 /* QuickAdd */ = {
			isa = PBXGroup;
			children = (
				100000000000000000000104 /* QuickAddParser.swift */,
				10000000000000000000011C /* QuickAddDueDateTokenEditor.swift */,
				A10000000000000000000102 /* QuickAddDraft.swift */,
				10000000000000000000011D /* DueDatePickerPopover.swift */,
				100000000000000000000112 /* HighlightedQuickAddTextField.swift */,
				A10000000000000000000103 /* QuickAddMetadataViews.swift */,
				100000000000000000000122 /* QuickAddWindowSnapping.swift */,
				10000000000000000000010F /* QuickAddWindowController.swift */,
				100000000000000000000110 /* QuickAddWindowView.swift */,
			);
			path = QuickAdd;
			sourceTree = "<group>";
		};
		100000000000000000000207 /* Models */ = {
			isa = PBXGroup;
			children = (
				100000000000000000000105 /* ReminderItem.swift */,
				A10000000000000000000101 /* ReminderCreationRequest.swift */,
				100000000000000000000111 /* ReminderFormatting.swift */,
				100000000000000000000113 /* AppSettings.swift */,
			);
			path = Models;
			sourceTree = "<group>";
		};
		100000000000000000000208 /* Services */ = {
			isa = PBXGroup;
			children = (
				100000000000000000000106 /* ReminderStore.swift */,
				100000000000000000000120 /* ReminderAccessController.swift */,
				10000000000000000000010E /* HotKeyController.swift */,
				100000000000000000000114 /* AppSettingsStore.swift */,
				100000000000000000000115 /* LaunchAtLoginController.swift */,
			);
			path = Services;
			sourceTree = "<group>";
		};
		100000000000000000000209 /* Resources */ = {
			isa = PBXGroup;
			children = (
				100000000000000000000109 /* Assets.xcassets */,
			);
			path = Resources;
			sourceTree = "<group>";
		};
		10000000000000000000020A /* TallyTests */ = {
			isa = PBXGroup;
			children = (
				10000000000000000000010B /* QuickAddParserTests.swift */,
				10000000000000000000011B /* AppSettingsStoreTests.swift */,
				A10000000000000000000106 /* ReminderCreationRequestTests.swift */,
				A10000000000000000000107 /* QuickAddDraftTests.swift */,
				A10000000000000000000108 /* SettingsPanelPlacementTests.swift */,
				10000000000000000000011F /* ReminderFormattingTests.swift */,
				100000000000000000000121 /* ReminderAccessControllerTests.swift */,
				100000000000000000000123 /* QuickAddWindowSnappingTests.swift */,
			);
			path = TallyTests;
			sourceTree = "<group>";
		};
		10000000000000000000020B /* Products */ = {
			isa = PBXGroup;
			children = (
				10000000000000000000010A /* Tally.app */,
				10000000000000000000010C /* TallyTests.xctest */,
			);
			name = Products;
			sourceTree = "<group>";
		};
		10000000000000000000020C /* Supporting */ = {
			isa = PBXGroup;
			children = (
				100000000000000000000107 /* Info.plist */,
				100000000000000000000108 /* Tally.entitlements */,
			);
			path = Supporting;
			sourceTree = "<group>";
		};
		10000000000000000000020D /* Settings */ = {
			isa = PBXGroup;
			children = (
				100000000000000000000116 /* SettingsView.swift */,
				A10000000000000000000104 /* SettingsViewModel.swift */,
				A10000000000000000000105 /* SettingsWindowController.swift */,
				100000000000000000000117 /* ShortcutRecorderView.swift */,
			);
			path = Settings;
			sourceTree = "<group>";
		};
/* End PBXGroup section */

/* Begin PBXNativeTarget section */
		100000000000000000000300 /* Tally */ = {
			isa = PBXNativeTarget;
			buildConfigurationList = 100000000000000000000500 /* Build configuration list for PBXNativeTarget "Tally" */;
			buildPhases = (
				100000000000000000000400 /* Sources */,
				100000000000000000000401 /* Frameworks */,
				100000000000000000000402 /* Resources */,
			);
			buildRules = (
			);
			dependencies = (
			);
			name = Tally;
			productName = Tally;
			productReference = 10000000000000000000010A /* Tally.app */;
			productType = "com.apple.product-type.application";
		};
		100000000000000000000310 /* TallyTests */ = {
			isa = PBXNativeTarget;
			buildConfigurationList = 100000000000000000000510 /* Build configuration list for PBXNativeTarget "TallyTests" */;
			buildPhases = (
				100000000000000000000410 /* Sources */,
				100000000000000000000411 /* Frameworks */,
				100000000000000000000412 /* Resources */,
			);
			buildRules = (
			);
			dependencies = (
				100000000000000000000021 /* PBXTargetDependency */,
			);
			name = TallyTests;
			productName = TallyTests;
			productReference = 10000000000000000000010C /* TallyTests.xctest */;
			productType = "com.apple.product-type.bundle.unit-test";
		};
/* End PBXNativeTarget section */

/* Begin PBXProject section */
		100000000000000000000200 /* Project object */ = {
			isa = PBXProject;
			attributes = {
				BuildIndependentTargetsInParallel = 1;
				LastSwiftUpdateCheck = 2650;
				LastUpgradeCheck = 2650;
				TargetAttributes = {
					100000000000000000000300 = {
						CreatedOnToolsVersion = 26.5;
					};
					100000000000000000000310 = {
						CreatedOnToolsVersion = 26.5;
						TestTargetID = 100000000000000000000300;
					};
				};
			};
			buildConfigurationList = 100000000000000000000520 /* Build configuration list for PBXProject "Tally" */;
			compatibilityVersion = "Xcode 14.0";
			developmentRegion = en;
			hasScannedForEncodings = 0;
			knownRegions = (
				en,
				Base,
			);
			mainGroup = 100000000000000000000201;
			productRefGroup = 10000000000000000000020B /* Products */;
			projectDirPath = "";
			projectRoot = "";
			targets = (
				100000000000000000000300 /* Tally */,
				100000000000000000000310 /* TallyTests */,
			);
		};
/* End PBXProject section */

/* Begin PBXResourcesBuildPhase section */
		100000000000000000000402 /* Resources */ = {
			isa = PBXResourcesBuildPhase;
			buildActionMask = 2147483647;
			files = (
				100000000000000000000007 /* Assets.xcassets in Resources */,
			);
			runOnlyForDeploymentPostprocessing = 0;
		};
		100000000000000000000412 /* Resources */ = {
			isa = PBXResourcesBuildPhase;
			buildActionMask = 2147483647;
			files = (
			);
			runOnlyForDeploymentPostprocessing = 0;
		};
/* End PBXResourcesBuildPhase section */

/* Begin PBXSourcesBuildPhase section */
		100000000000000000000400 /* Sources */ = {
			isa = PBXSourcesBuildPhase;
			buildActionMask = 2147483647;
			files = (
				100000000000000000000001 /* TallyApp.swift in Sources */,
				100000000000000000000004 /* QuickAddParser.swift in Sources */,
				100000000000000000000018 /* QuickAddDueDateTokenEditor.swift in Sources */,
				100000000000000000000019 /* DueDatePickerPopover.swift in Sources */,
				100000000000000000000005 /* ReminderItem.swift in Sources */,
				100000000000000000000006 /* ReminderStore.swift in Sources */,
				10000000000000000000001C /* ReminderAccessController.swift in Sources */,
				100000000000000000000009 /* AppController.swift in Sources */,
				10000000000000000000000A /* HotKeyController.swift in Sources */,
				10000000000000000000000B /* QuickAddWindowController.swift in Sources */,
				10000000000000000000001E /* QuickAddWindowSnapping.swift in Sources */,
				10000000000000000000000C /* QuickAddWindowView.swift in Sources */,
				10000000000000000000000D /* ReminderFormatting.swift in Sources */,
				10000000000000000000000E /* HighlightedQuickAddTextField.swift in Sources */,
				10000000000000000000000F /* AppSettings.swift in Sources */,
				100000000000000000000010 /* AppSettingsStore.swift in Sources */,
				100000000000000000000011 /* LaunchAtLoginController.swift in Sources */,
				100000000000000000000012 /* SettingsView.swift in Sources */,
				100000000000000000000013 /* ShortcutRecorderView.swift in Sources */,
				100000000000000000000014 /* MenuBarController.swift in Sources */,
				10000000000000000000001A /* TallyChromeStyle.swift in Sources */,
				A10000000000000000000001 /* ReminderCreationRequest.swift in Sources */,
				A10000000000000000000002 /* QuickAddDraft.swift in Sources */,
				A10000000000000000000003 /* QuickAddMetadataViews.swift in Sources */,
				A10000000000000000000004 /* SettingsViewModel.swift in Sources */,
				A10000000000000000000005 /* SettingsWindowController.swift in Sources */,
			);
			runOnlyForDeploymentPostprocessing = 0;
		};
		100000000000000000000410 /* Sources */ = {
			isa = PBXSourcesBuildPhase;
			buildActionMask = 2147483647;
			files = (
				100000000000000000000008 /* QuickAddParserTests.swift in Sources */,
				100000000000000000000017 /* AppSettingsStoreTests.swift in Sources */,
				A10000000000000000000006 /* ReminderCreationRequestTests.swift in Sources */,
				A10000000000000000000007 /* QuickAddDraftTests.swift in Sources */,
				A10000000000000000000008 /* SettingsPanelPlacementTests.swift in Sources */,
				10000000000000000000001B /* ReminderFormattingTests.swift in Sources */,
				10000000000000000000001D /* ReminderAccessControllerTests.swift in Sources */,
				10000000000000000000001F /* QuickAddWindowSnappingTests.swift in Sources */,
			);
			runOnlyForDeploymentPostprocessing = 0;
		};
/* End PBXSourcesBuildPhase section */

/* Begin PBXTargetDependency section */
		100000000000000000000021 /* PBXTargetDependency */ = {
			isa = PBXTargetDependency;
			target = 100000000000000000000300 /* Tally */;
			targetProxy = 100000000000000000000020 /* PBXContainerItemProxy */;
		};
/* End PBXTargetDependency section */

/* Begin XCBuildConfiguration section */
		100000000000000000000600 /* Debug */ = {
			isa = XCBuildConfiguration;
			buildSettings = {
				ALWAYS_SEARCH_USER_PATHS = NO;
				ASSETCATALOG_COMPILER_GENERATE_SWIFT_ASSET_SYMBOL_EXTENSIONS = YES;
				CLANG_ANALYZER_NONNULL = YES;
				CLANG_ANALYZER_NUMBER_OBJECT_CONVERSION = YES_AGGRESSIVE;
				CLANG_CXX_LANGUAGE_STANDARD = "gnu++20";
				CLANG_ENABLE_MODULES = YES;
				CLANG_ENABLE_OBJC_ARC = YES;
				CLANG_ENABLE_OBJC_WEAK = YES;
				CLANG_WARN_BLOCK_CAPTURE_AUTORELEASING = YES;
				CLANG_WARN_BOOL_CONVERSION = YES;
				CLANG_WARN_COMMA = YES;
				CLANG_WARN_CONSTANT_CONVERSION = YES;
				CLANG_WARN_DEPRECATED_OBJC_IMPLEMENTATIONS = YES;
				CLANG_WARN_DIRECT_OBJC_ISA_USAGE = YES_ERROR;
				CLANG_WARN_DOCUMENTATION_COMMENTS = YES;
				CLANG_WARN_EMPTY_BODY = YES;
				CLANG_WARN_ENUM_CONVERSION = YES;
				CLANG_WARN_INFINITE_RECURSION = YES;
				CLANG_WARN_INT_CONVERSION = YES;
				CLANG_WARN_NON_LITERAL_NULL_CONVERSION = YES;
				CLANG_WARN_OBJC_IMPLICIT_RETAIN_SELF = YES;
				CLANG_WARN_OBJC_LITERAL_CONVERSION = YES;
				CLANG_WARN_OBJC_ROOT_CLASS = YES_ERROR;
				CLANG_WARN_QUOTED_INCLUDE_IN_FRAMEWORK_HEADER = YES;
				CLANG_WARN_RANGE_LOOP_ANALYSIS = YES;
				CLANG_WARN_STRICT_PROTOTYPES = YES;
				CLANG_WARN_SUSPICIOUS_MOVE = YES;
				CLANG_WARN_UNGUARDED_AVAILABILITY = YES_AGGRESSIVE;
				CLANG_WARN_UNREACHABLE_CODE = YES;
				CLANG_WARN__DUPLICATE_METHOD_MATCH = YES;
				COPY_PHASE_STRIP = NO;
				DEAD_CODE_STRIPPING = YES;
				DEBUG_INFORMATION_FORMAT = dwarf;
				ENABLE_STRICT_OBJC_MSGSEND = YES;
				ENABLE_TESTABILITY = YES;
				ENABLE_USER_SCRIPT_SANDBOXING = YES;
				GCC_C_LANGUAGE_STANDARD = gnu17;
				GCC_DYNAMIC_NO_PIC = NO;
				GCC_NO_COMMON_BLOCKS = YES;
				GCC_OPTIMIZATION_LEVEL = 0;
				GCC_PREPROCESSOR_DEFINITIONS = (
					"DEBUG=1",
					"$(inherited)",
				);
				GCC_WARN_64_TO_32_BIT_CONVERSION = YES;
				GCC_WARN_ABOUT_RETURN_TYPE = YES_ERROR;
				GCC_WARN_UNDECLARED_SELECTOR = YES;
				GCC_WARN_UNINITIALIZED_AUTOS = YES_AGGRESSIVE;
				GCC_WARN_UNUSED_FUNCTION = YES;
				GCC_WARN_UNUSED_VARIABLE = YES;
				LOCALIZATION_PREFERS_STRING_CATALOGS = YES;
				MACOSX_DEPLOYMENT_TARGET = 14.0;
				MTL_ENABLE_DEBUG_INFO = INCLUDE_SOURCE;
				MTL_FAST_MATH = YES;
				ONLY_ACTIVE_ARCH = YES;
				SDKROOT = macosx;
				STRING_CATALOG_GENERATE_SYMBOLS = YES;
				SWIFT_ACTIVE_COMPILATION_CONDITIONS = "DEBUG $(inherited)";
				SWIFT_OPTIMIZATION_LEVEL = "-Onone";
			};
			name = Debug;
		};
		100000000000000000000601 /* Release */ = {
			isa = XCBuildConfiguration;
			buildSettings = {
				ALWAYS_SEARCH_USER_PATHS = NO;
				ASSETCATALOG_COMPILER_GENERATE_SWIFT_ASSET_SYMBOL_EXTENSIONS = YES;
				CLANG_ANALYZER_NONNULL = YES;
				CLANG_ANALYZER_NUMBER_OBJECT_CONVERSION = YES_AGGRESSIVE;
				CLANG_CXX_LANGUAGE_STANDARD = "gnu++20";
				CLANG_ENABLE_MODULES = YES;
				CLANG_ENABLE_OBJC_ARC = YES;
				CLANG_ENABLE_OBJC_WEAK = YES;
				CLANG_WARN_BLOCK_CAPTURE_AUTORELEASING = YES;
				CLANG_WARN_BOOL_CONVERSION = YES;
				CLANG_WARN_COMMA = YES;
				CLANG_WARN_CONSTANT_CONVERSION = YES;
				CLANG_WARN_DEPRECATED_OBJC_IMPLEMENTATIONS = YES;
				CLANG_WARN_DIRECT_OBJC_ISA_USAGE = YES_ERROR;
				CLANG_WARN_DOCUMENTATION_COMMENTS = YES;
				CLANG_WARN_EMPTY_BODY = YES;
				CLANG_WARN_ENUM_CONVERSION = YES;
				CLANG_WARN_INFINITE_RECURSION = YES;
				CLANG_WARN_INT_CONVERSION = YES;
				CLANG_WARN_NON_LITERAL_NULL_CONVERSION = YES;
				CLANG_WARN_OBJC_IMPLICIT_RETAIN_SELF = YES;
				CLANG_WARN_OBJC_LITERAL_CONVERSION = YES;
				CLANG_WARN_OBJC_ROOT_CLASS = YES_ERROR;
				CLANG_WARN_QUOTED_INCLUDE_IN_FRAMEWORK_HEADER = YES;
				CLANG_WARN_RANGE_LOOP_ANALYSIS = YES;
				CLANG_WARN_STRICT_PROTOTYPES = YES;
				CLANG_WARN_SUSPICIOUS_MOVE = YES;
				CLANG_WARN_UNGUARDED_AVAILABILITY = YES_AGGRESSIVE;
				CLANG_WARN_UNREACHABLE_CODE = YES;
				CLANG_WARN__DUPLICATE_METHOD_MATCH = YES;
				COPY_PHASE_STRIP = NO;
				DEAD_CODE_STRIPPING = YES;
				DEBUG_INFORMATION_FORMAT = "dwarf-with-dsym";
				ENABLE_NS_ASSERTIONS = NO;
				ENABLE_STRICT_OBJC_MSGSEND = YES;
				ENABLE_USER_SCRIPT_SANDBOXING = YES;
				GCC_C_LANGUAGE_STANDARD = gnu17;
				GCC_NO_COMMON_BLOCKS = YES;
				GCC_WARN_64_TO_32_BIT_CONVERSION = YES;
				GCC_WARN_ABOUT_RETURN_TYPE = YES_ERROR;
				GCC_WARN_UNDECLARED_SELECTOR = YES;
				GCC_WARN_UNINITIALIZED_AUTOS = YES_AGGRESSIVE;
				GCC_WARN_UNUSED_FUNCTION = YES;
				GCC_WARN_UNUSED_VARIABLE = YES;
				LOCALIZATION_PREFERS_STRING_CATALOGS = YES;
				MACOSX_DEPLOYMENT_TARGET = 14.0;
				MTL_ENABLE_DEBUG_INFO = NO;
				MTL_FAST_MATH = YES;
				SDKROOT = macosx;
				STRING_CATALOG_GENERATE_SYMBOLS = YES;
				SWIFT_COMPILATION_MODE = wholemodule;
				VALIDATE_PRODUCT = YES;
			};
			name = Release;
		};
		100000000000000000000602 /* Debug */ = {
			isa = XCBuildConfiguration;
			buildSettings = {
				ASSETCATALOG_COMPILER_APPICON_NAME = AppIcon;
				ASSETCATALOG_COMPILER_GENERATE_SWIFT_ASSET_SYMBOL_EXTENSIONS = YES;
				CODE_SIGN_ENTITLEMENTS = Tally/Supporting/Tally.entitlements;
				CODE_SIGN_STYLE = Automatic;
				COMBINE_HIDPI_IMAGES = YES;
				CURRENT_PROJECT_VERSION = 1;
				DEAD_CODE_STRIPPING = YES;
				ENABLE_HARDENED_RUNTIME = YES;
				ENABLE_PREVIEWS = YES;
				GENERATE_INFOPLIST_FILE = NO;
				INFOPLIST_FILE = Tally/Supporting/Info.plist;
				LD_RUNPATH_SEARCH_PATHS = (
					"$(inherited)",
					"@executable_path/../Frameworks",
				);
				MARKETING_VERSION = 1.0;
				PRODUCT_BUNDLE_IDENTIFIER = com.app.tally;
				PRODUCT_NAME = "$(TARGET_NAME)";
				SWIFT_EMIT_LOC_STRINGS = YES;
				SWIFT_VERSION = 5.0;
			};
			name = Debug;
		};
		100000000000000000000603 /* Release */ = {
			isa = XCBuildConfiguration;
			buildSettings = {
				ASSETCATALOG_COMPILER_APPICON_NAME = AppIcon;
				ASSETCATALOG_COMPILER_GENERATE_SWIFT_ASSET_SYMBOL_EXTENSIONS = YES;
				CODE_SIGN_ENTITLEMENTS = Tally/Supporting/Tally.entitlements;
				CODE_SIGN_STYLE = Automatic;
				COMBINE_HIDPI_IMAGES = YES;
				CURRENT_PROJECT_VERSION = 1;
				DEAD_CODE_STRIPPING = YES;
				ENABLE_HARDENED_RUNTIME = YES;
				ENABLE_PREVIEWS = YES;
				GENERATE_INFOPLIST_FILE = NO;
				INFOPLIST_FILE = Tally/Supporting/Info.plist;
				LD_RUNPATH_SEARCH_PATHS = (
					"$(inherited)",
					"@executable_path/../Frameworks",
				);
				MARKETING_VERSION = 1.0;
				PRODUCT_BUNDLE_IDENTIFIER = com.app.tally;
				PRODUCT_NAME = "$(TARGET_NAME)";
				SWIFT_EMIT_LOC_STRINGS = YES;
				SWIFT_VERSION = 5.0;
			};
			name = Release;
		};
		100000000000000000000604 /* Debug */ = {
			isa = XCBuildConfiguration;
			buildSettings = {
				BUNDLE_LOADER = "$(TEST_HOST)";
				CODE_SIGN_STYLE = Automatic;
				CURRENT_PROJECT_VERSION = 1;
				DEAD_CODE_STRIPPING = YES;
				GENERATE_INFOPLIST_FILE = YES;
				LD_RUNPATH_SEARCH_PATHS = (
					"$(inherited)",
					"@executable_path/../Frameworks",
					"@loader_path/../Frameworks",
				);
				MARKETING_VERSION = 1.0;
				PRODUCT_BUNDLE_IDENTIFIER = com.app.tallyTests;
				PRODUCT_NAME = "$(TARGET_NAME)";
				SWIFT_VERSION = 5.0;
				TEST_HOST = "$(BUILT_PRODUCTS_DIR)/Tally.app/Contents/MacOS/Tally";
			};
			name = Debug;
		};
		100000000000000000000605 /* Release */ = {
			isa = XCBuildConfiguration;
			buildSettings = {
				BUNDLE_LOADER = "$(TEST_HOST)";
				CODE_SIGN_STYLE = Automatic;
				CURRENT_PROJECT_VERSION = 1;
				DEAD_CODE_STRIPPING = YES;
				GENERATE_INFOPLIST_FILE = YES;
				LD_RUNPATH_SEARCH_PATHS = (
					"$(inherited)",
					"@executable_path/../Frameworks",
					"@loader_path/../Frameworks",
				);
				MARKETING_VERSION = 1.0;
				PRODUCT_BUNDLE_IDENTIFIER = com.app.tallyTests;
				PRODUCT_NAME = "$(TARGET_NAME)";
				SWIFT_VERSION = 5.0;
				TEST_HOST = "$(BUILT_PRODUCTS_DIR)/Tally.app/Contents/MacOS/Tally";
			};
			name = Release;
		};
/* End XCBuildConfiguration section */

/* Begin XCConfigurationList section */
		100000000000000000000500 /* Build configuration list for PBXNativeTarget "Tally" */ = {
			isa = XCConfigurationList;
			buildConfigurations = (
				100000000000000000000602 /* Debug */,
				100000000000000000000603 /* Release */,
			);
			defaultConfigurationIsVisible = 0;
			defaultConfigurationName = Release;
		};
		100000000000000000000510 /* Build configuration list for PBXNativeTarget "TallyTests" */ = {
			isa = XCConfigurationList;
			buildConfigurations = (
				100000000000000000000604 /* Debug */,
				100000000000000000000605 /* Release */,
			);
			defaultConfigurationIsVisible = 0;
			defaultConfigurationName = Release;
		};
		100000000000000000000520 /* Build configuration list for PBXProject "Tally" */ = {
			isa = XCConfigurationList;
			buildConfigurations = (
				100000000000000000000600 /* Debug */,
				100000000000000000000601 /* Release */,
			);
			defaultConfigurationIsVisible = 0;
			defaultConfigurationName = Release;
		};
/* End XCConfigurationList section */
	};
	rootObject = 100000000000000000000200 /* Project object */;
}
